// !$*UTF8*$!
{
	archiveVersion = 1;
	classes = {
	};
	objectVersion = 50;
	objects = {

/* Begin PBXBuildFile section */
		700B25A623A2AE4E00E1B4BE /* ViewController.swift in Sources */ = {isa = PBXBuildFile; fileRef = 700B25A523A2AE4E00E1B4BE /* ViewController.swift */; };
		702E635A239F41880075F0F9 /* AppDelegate.swift in Sources */ = {isa = PBXBuildFile; fileRef = 702E6359239F41880075F0F9 /* AppDelegate.swift */; };
		702E635C239F41880075F0F9 /* SceneDelegate.swift in Sources */ = {isa = PBXBuildFile; fileRef = 702E635B239F41880075F0F9 /* SceneDelegate.swift */; };
		702E635E239F41880075F0F9 /* CalendarViewController.swift in Sources */ = {isa = PBXBuildFile; fileRef = 702E635D239F41880075F0F9 /* CalendarViewController.swift */; };
		702E6364239F41880075F0F9 /* iCollege.xcdatamodeld in Sources */ = {isa = PBXBuildFile; fileRef = 702E6362239F41880075F0F9 /* iCollege.xcdatamodeld */; };
		702E6366239F418A0075F0F9 /* Assets.xcassets in Resources */ = {isa = PBXBuildFile; fileRef = 702E6365239F418A0075F0F9 /* Assets.xcassets */; };
		702E6369239F418A0075F0F9 /* LaunchScreen.storyboard in Resources */ = {isa = PBXBuildFile; fileRef = 702E6367239F418A0075F0F9 /* LaunchScreen.storyboard */; };
		A4329DB023A0EBCC00FC89E0 /* NextViewController.swift in Sources */ = {isa = PBXBuildFile; fileRef = A4329DAF23A0EBCC00FC89E0 /* NextViewController.swift */; };
		A44409AA23A0D89500417DAB /* Main.storyboard in Resources */ = {isa = PBXBuildFile; fileRef = A44409A923A0D89500417DAB /* Main.storyboard */; };
		A44409AC23A0D90300417DAB /* DateCollectionViewCell.swift in Sources */ = {isa = PBXBuildFile; fileRef = A44409AB23A0D90300417DAB /* DateCollectionViewCell.swift */; };
		A44409AE23A0D91D00417DAB /* CalendarVars.swift in Sources */ = {isa = PBXBuildFile; fileRef = A44409AD23A0D91D00417DAB /* CalendarVars.swift */; };
		A49DA42623A1620900019753 /* CoursesViewController.swift in Sources */ = {isa = PBXBuildFile; fileRef = A49DA42523A1620900019753 /* CoursesViewController.swift */; };
		A49DA42823A1651100019753 /* CoursesPopUpViewController.swift in Sources */ = {isa = PBXBuildFile; fileRef = A49DA42723A1651100019753 /* CoursesPopUpViewController.swift */; };
/* End PBXBuildFile section */

/* Begin PBXFileReference section */
		700B25A523A2AE4E00E1B4BE /* ViewController.swift */ = {isa = PBXFileReference; lastKnownFileType = sourcecode.swift; path = ViewController.swift; sourceTree = "<group>"; };
		702E6356239F41880075F0F9 /* iCollege.app */ = {isa = PBXFileReference; explicitFileType = wrapper.application; includeInIndex = 0; path = iCollege.app; sourceTree = BUILT_PRODUCTS_DIR; };
		702E6359239F41880075F0F9 /* AppDelegate.swift */ = {isa = PBXFileReference; lastKnownFileType = sourcecode.swift; path = AppDelegate.swift; sourceTree = "<group>"; };
		702E635B239F41880075F0F9 /* SceneDelegate.swift */ = {isa = PBXFileReference; lastKnownFileType = sourcecode.swift; path = SceneDelegate.swift; sourceTree = "<group>"; };
		702E635D239F41880075F0F9 /* CalendarViewController.swift */ = {isa = PBXFileReference; lastKnownFileType = sourcecode.swift; path = CalendarViewController.swift; sourceTree = "<group>"; };
		702E6363239F41880075F0F9 /* iCollege.xcdatamodel */ = {isa = PBXFileReference; lastKnownFileType = wrapper.xcdatamodel; path = iCollege.xcdatamodel; sourceTree = "<group>"; };
		702E6365239F418A0075F0F9 /* Assets.xcassets */ = {isa = PBXFileReference; lastKnownFileType = folder.assetcatalog; path = Assets.xcassets; sourceTree = "<group>"; };
		702E6368239F418A0075F0F9 /* Base */ = {isa = PBXFileReference; lastKnownFileType = file.storyboard; name = Base; path = Base.lproj/LaunchScreen.storyboard; sourceTree = "<group>"; };
		702E636A239F418A0075F0F9 /* Info.plist */ = {isa = PBXFileReference; lastKnownFileType = text.plist.xml; path = Info.plist; sourceTree = "<group>"; };
		A4329DAF23A0EBCC00FC89E0 /* NextViewController.swift */ = {isa = PBXFileReference; lastKnownFileType = sourcecode.swift; path = NextViewController.swift; sourceTree = "<group>"; };
		A44409A923A0D89500417DAB /* Main.storyboard */ = {isa = PBXFileReference; lastKnownFileType = file.storyboard; path = Main.storyboard; sourceTree = "<group>"; };
		A44409AB23A0D90300417DAB /* DateCollectionViewCell.swift */ = {isa = PBXFileReference; lastKnownFileType = sourcecode.swift; path = DateCollectionViewCell.swift; sourceTree = "<group>"; };
		A44409AD23A0D91D00417DAB /* CalendarVars.swift */ = {isa = PBXFileReference; lastKnownFileType = sourcecode.swift; path = CalendarVars.swift; sourceTree = "<group>"; };
		A49DA42523A1620900019753 /* CoursesViewController.swift */ = {isa = PBXFileReference; lastKnownFileType = sourcecode.swift; path = CoursesViewController.swift; sourceTree = "<group>"; };
		A49DA42723A1651100019753 /* CoursesPopUpViewController.swift */ = {isa = PBXFileReference; lastKnownFileType = sourcecode.swift; path = CoursesPopUpViewController.swift; sourceTree = "<group>"; };
/* End PBXFileReference section */

/* Begin PBXFrameworksBuildPhase section */
		702E6353239F41880075F0F9 /* Frameworks */ = {
			isa = PBXFrameworksBuildPhase;
			buildActionMask = 2147483647;
			files = (
			);
			runOnlyForDeploymentPostprocessing = 0;
		};
/* End PBXFrameworksBuildPhase section */

/* Begin PBXGroup section */
		702E634D239F41880075F0F9 = {
			isa = PBXGroup;
			children = (
				702E6358239F41880075F0F9 /* iCollege */,
				702E6357239F41880075F0F9 /* Products */,
			);
			sourceTree = "<group>";
		};
		702E6357239F41880075F0F9 /* Products */ = {
			isa = PBXGroup;
			children = (
				702E6356239F41880075F0F9 /* iCollege.app */,
			);
			name = Products;
			sourceTree = "<group>";
		};
		702E6358239F41880075F0F9 /* iCollege */ = {
			isa = PBXGroup;
			children = (
				C72178CA239F4F680085EB6D /* Calendar */,
				70C8E50B239F46EB00FA3C9C /* ViewControllers */,
				A44409A923A0D89500417DAB /* Main.storyboard */,
				702E6367239F418A0075F0F9 /* LaunchScreen.storyboard */,
				702E6362239F41880075F0F9 /* iCollege.xcdatamodeld */,
				702E6365239F418A0075F0F9 /* Assets.xcassets */,
				70C8E50A239F46B700FA3C9C /* Settings */,
			);
			path = iCollege;
			sourceTree = "<group>";
		};
		70C8E50A239F46B700FA3C9C /* Settings */ = {
			isa = PBXGroup;
			children = (
				702E635B239F41880075F0F9 /* SceneDelegate.swift */,
				702E6359239F41880075F0F9 /* AppDelegate.swift */,
				702E636A239F418A0075F0F9 /* Info.plist */,
			);
			path = Settings;
			sourceTree = "<group>";
		};
		70C8E50B239F46EB00FA3C9C /* ViewControllers */ = {
			isa = PBXGroup;
			children = (
				702E635D239F41880075F0F9 /* CalendarViewController.swift */,
				A4329DAF23A0EBCC00FC89E0 /* NextViewController.swift */,
				A49DA42523A1620900019753 /* CoursesViewController.swift */,
				A49DA42723A1651100019753 /* CoursesPopUpViewController.swift */,
				700B25A523A2AE4E00E1B4BE /* ViewController.swift */,
			);
			path = ViewControllers;
			sourceTree = "<group>";
		};
		C72178CA239F4F680085EB6D /* Calendar */ = {
			isa = PBXGroup;
			children = (
				A44409AB23A0D90300417DAB /* DateCollectionViewCell.swift */,
				A44409AD23A0D91D00417DAB /* CalendarVars.swift */,
			);
			path = Calendar;
			sourceTree = "<group>";
		};
/* End PBXGroup section */

/* Begin PBXNativeTarget section */
		702E6355239F41880075F0F9 /* iCollege */ = {
			isa = PBXNativeTarget;
			buildConfigurationList = 702E636D239F418A0075F0F9 /* Build configuration list for PBXNativeTarget "iCollege" */;
			buildPhases = (
				702E6352239F41880075F0F9 /* Sources */,
				702E6353239F41880075F0F9 /* Frameworks */,
				702E6354239F41880075F0F9 /* Resources */,
			);
			buildRules = (
			);
			dependencies = (
			);
			name = iCollege;
			productName = iCollege;
			productReference = 702E6356239F41880075F0F9 /* iCollege.app */;
			productType = "com.apple.product-type.application";
		};
/* End PBXNativeTarget section */

/* Begin PBXProject section */
		702E634E239F41880075F0F9 /* Project object */ = {
			isa = PBXProject;
			attributes = {
				LastSwiftUpdateCheck = 1110;
				LastUpgradeCheck = 1110;
				ORGANIZATIONNAME = "Jesus Aguas Acin";
				TargetAttributes = {
					702E6355239F41880075F0F9 = {
						CreatedOnToolsVersion = 11.1;
					};
				};
			};
			buildConfigurationList = 702E6351239F41880075F0F9 /* Build configuration list for PBXProject "iCollege" */;
			compatibilityVersion = "Xcode 9.3";
			developmentRegion = en;
			hasScannedForEncodings = 0;
			knownRegions = (
				en,
				Base,
			);
			mainGroup = 702E634D239F41880075F0F9;
			productRefGroup = 702E6357239F41880075F0F9 /* Products */;
			projectDirPath = "";
			projectRoot = "";
			targets = (
				702E6355239F41880075F0F9 /* iCollege */,
			);
		};
/* End PBXProject section */

/* Begin PBXResourcesBuildPhase section */
		702E6354239F41880075F0F9 /* Resources */ = {
			isa = PBXResourcesBuildPhase;
			buildActionMask = 2147483647;
			files = (
				A44409AA23A0D89500417DAB /* Main.storyboard in Resources */,
				702E6369239F418A0075F0F9 /* LaunchScreen.storyboard in Resources */,
				702E6366239F418A0075F0F9 /* Assets.xcassets in Resources */,
			);
			runOnlyForDeploymentPostprocessing = 0;
		};
/* End PBXResourcesBuildPhase section */

/* Begin PBXSourcesBuildPhase section */
		702E6352239F41880075F0F9 /* Sources */ = {
			isa = PBXSourcesBuildPhase;
			buildActionMask = 2147483647;
			files = (
				700B25A623A2AE4E00E1B4BE /* ViewController.swift in Sources */,
				A49DA42823A1651100019753 /* CoursesPopUpViewController.swift in Sources */,
				702E635E239F41880075F0F9 /* CalendarViewController.swift in Sources */,
				A49DA42623A1620900019753 /* CoursesViewController.swift in Sources */,
				A4329DB023A0EBCC00FC89E0 /* NextViewController.swift in Sources */,
				702E6364239F41880075F0F9 /* iCollege.xcdatamodeld in Sources */,
				702E635A239F41880075F0F9 /* AppDelegate.swift in Sources */,
				A44409AE23A0D91D00417DAB /* CalendarVars.swift in Sources */,
				702E635C239F41880075F0F9 /* SceneDelegate.swift in Sources */,
				A44409AC23A0D90300417DAB /* DateCollectionViewCell.swift in Sources */,
			);
			runOnlyForDeploymentPostprocessing = 0;
		};
/* End PBXSourcesBuildPhase section */

/* Begin PBXVariantGroup section */
		702E6367239F418A0075F0F9 /* LaunchScreen.storyboard */ = {
			isa = PBXVariantGroup;
			children = (
				702E6368239F418A0075F0F9 /* Base */,
			);
			name = LaunchScreen.storyboard;
			sourceTree = "<group>";
		};
/* End PBXVariantGroup section */

/* Begin XCBuildConfiguration section */
		702E636B239F418A0075F0F9 /* Debug */ = {
			isa = XCBuildConfiguration;
			buildSettings = {
				ALWAYS_SEARCH_USER_PATHS = NO;
				CLANG_ANALYZER_NONNULL = YES;
				CLANG_ANALYZER_NUMBER_OBJECT_CONVERSION = YES_AGGRESSIVE;
				CLANG_CXX_LANGUAGE_STANDARD = "gnu++14";
				CLANG_CXX_LIBRARY = "libc++";
				CLANG_ENABLE_MODULES = YES;
				CLANG_ENABLE_OBJC_ARC = YES;
				CLANG_ENABLE_OBJC_WEAK = YES;
				CLANG_WARN_BLOCK_CAPTURE_AUTORELEASING = YES;
				CLANG_WARN_BOOL_CONVERSION = YES;
				CLANG_WARN_COMMA = YES;
				CLANG_WARN_CONSTANT_CONVERSION = YES;
				CLANG_WARN_DEPRECATED_OBJC_IMPLEMENTATIONS = YES;
				CLANG_WARN_DIRECT_OBJC_ISA_USAGE = YES_ERROR;
				CLANG_WARN_DOCUMENTATION_COMMENTS = YES;
				CLANG_WARN_EMPTY_BODY = YES;
				CLANG_WARN_ENUM_CONVERSION = YES;
				CLANG_WARN_INFINITE_RECURSION = YES;
				CLANG_WARN_INT_CONVERSION = YES;
				CLANG_WARN_NON_LITERAL_NULL_CONVERSION = YES;
				CLANG_WARN_OBJC_IMPLICIT_RETAIN_SELF = YES;
				CLANG_WARN_OBJC_LITERAL_CONVERSION = YES;
				CLANG_WARN_OBJC_ROOT_CLASS = YES_ERROR;
				CLANG_WARN_RANGE_LOOP_ANALYSIS = YES;
				CLANG_WARN_STRICT_PROTOTYPES = YES;
				CLANG_WARN_SUSPICIOUS_MOVE = YES;
				CLANG_WARN_UNGUARDED_AVAILABILITY = YES_AGGRESSIVE;
				CLANG_WARN_UNREACHABLE_CODE = YES;
				CLANG_WARN__DUPLICATE_METHOD_MATCH = YES;
				COPY_PHASE_STRIP = NO;
				DEBUG_INFORMATION_FORMAT = dwarf;
				ENABLE_STRICT_OBJC_MSGSEND = YES;
				ENABLE_TESTABILITY = YES;
				GCC_C_LANGUAGE_STANDARD = gnu11;
				GCC_DYNAMIC_NO_PIC = NO;
				GCC_NO_COMMON_BLOCKS = YES;
				GCC_OPTIMIZATION_LEVEL = 0;
				GCC_PREPROCESSOR_DEFINITIONS = (
					"DEBUG=1",
					"$(inherited)",
				);
				GCC_WARN_64_TO_32_BIT_CONVERSION = YES;
				GCC_WARN_ABOUT_RETURN_TYPE = YES_ERROR;
				GCC_WARN_UNDECLARED_SELECTOR = YES;
				GCC_WARN_UNINITIALIZED_AUTOS = YES_AGGRESSIVE;
				GCC_WARN_UNUSED_FUNCTION = YES;
				GCC_WARN_UNUSED_VARIABLE = YES;
				IPHONEOS_DEPLOYMENT_TARGET = 13.1;
				MTL_ENABLE_DEBUG_INFO = INCLUDE_SOURCE;
				MTL_FAST_MATH = YES;
				ONLY_ACTIVE_ARCH = YES;
				SDKROOT = iphoneos;
				SWIFT_ACTIVE_COMPILATION_CONDITIONS = DEBUG;
				SWIFT_OPTIMIZATION_LEVEL = "-Onone";
			};
			name = Debug;
		};
		702E636C239F418A0075F0F9 /* Release */ = {
			isa = XCBuildConfiguration;
			buildSettings = {
				ALWAYS_SEARCH_USER_PATHS = NO;
				CLANG_ANALYZER_NONNULL = YES;
				CLANG_ANALYZER_NUMBER_OBJECT_CONVERSION = YES_AGGRESSIVE;
				CLANG_CXX_LANGUAGE_STANDARD = "gnu++14";
				CLANG_CXX_LIBRARY = "libc++";
				CLANG_ENABLE_MODULES = YES;
				CLANG_ENABLE_OBJC_ARC = YES;
				CLANG_ENABLE_OBJC_WEAK = YES;
				CLANG_WARN_BLOCK_CAPTURE_AUTORELEASING = YES;
				CLANG_WARN_BOOL_CONVERSION = YES;
				CLANG_WARN_COMMA = YES;
				CLANG_WARN_CONSTANT_CONVERSION = YES;
				CLANG_WARN_DEPRECATED_OBJC_IMPLEMENTATIONS = YES;
				CLANG_WARN_DIRECT_OBJC_ISA_USAGE = YES_ERROR;
				CLANG_WARN_DOCUMENTATION_COMMENTS = YES;
				CLANG_WARN_EMPTY_BODY = YES;
				CLANG_WARN_ENUM_CONVERSION = YES;
				CLANG_WARN_INFINITE_RECURSION = YES;
				CLANG_WARN_INT_CONVERSION = YES;
				CLANG_WARN_NON_LITERAL_NULL_CONVERSION = YES;
				CLANG_WARN_OBJC_IMPLICIT_RETAIN_SELF = YES;
				CLANG_WARN_OBJC_LITERAL_CONVERSION = YES;
				CLANG_WARN_OBJC_ROOT_CLASS = YES_ERROR;
				CLANG_WARN_RANGE_LOOP_ANALYSIS = YES;
				CLANG_WARN_STRICT_PROTOTYPES = YES;
				CLANG_WARN_SUSPICIOUS_MOVE = YES;
				CLANG_WARN_UNGUARDED_AVAILABILITY = YES_AGGRESSIVE;
				CLANG_WARN_UNREACHABLE_CODE = YES;
				CLANG_WARN__DUPLICATE_METHOD_MATCH = YES;
				COPY_PHASE_STRIP = NO;
				DEBUG_INFORMATION_FORMAT = "dwarf-with-dsym";
				ENABLE_NS_ASSERTIONS = NO;
				ENABLE_STRICT_OBJC_MSGSEND = YES;
				GCC_C_LANGUAGE_STANDARD = gnu11;
				GCC_NO_COMMON_BLOCKS = YES;
				GCC_WARN_64_TO_32_BIT_CONVERSION = YES;
				GCC_WARN_ABOUT_RETURN_TYPE = YES_ERROR;
				GCC_WARN_UNDECLARED_SELECTOR = YES;
				GCC_WARN_UNINITIALIZED_AUTOS = YES_AGGRESSIVE;
				GCC_WARN_UNUSED_FUNCTION = YES;
				GCC_WARN_UNUSED_VARIABLE = YES;
				IPHONEOS_DEPLOYMENT_TARGET = 13.1;
				MTL_ENABLE_DEBUG_INFO = NO;
				MTL_FAST_MATH = YES;
				SDKROOT = iphoneos;
				SWIFT_COMPILATION_MODE = wholemodule;
				SWIFT_OPTIMIZATION_LEVEL = "-O";
				VALIDATE_PRODUCT = YES;
			};
			name = Release;
		};
		702E636E239F418A0075F0F9 /* Debug */ = {
			isa = XCBuildConfiguration;
			buildSettings = {
				ASSETCATALOG_COMPILER_APPICON_NAME = AppIcon;
				CODE_SIGN_STYLE = Automatic;
				DEVELOPMENT_TEAM = HRTG8J2Q2Q;
				INFOPLIST_FILE = "$(SRCROOT)/iCollege/Settings/Info.plist";
				LD_RUNPATH_SEARCH_PATHS = (
					"$(inherited)",
					"@executable_path/Frameworks",
				);
				PRODUCT_BUNDLE_IDENTIFIER = jesusaguas.iCollege;
				PRODUCT_NAME = "$(TARGET_NAME)";
				SWIFT_VERSION = 5.0;
				TARGETED_DEVICE_FAMILY = 1;
			};
			name = Debug;
		};
		702E636F239F418A0075F0F9 /* Release */ = {
			isa = XCBuildConfiguration;
			buildSettings = {
				ASSETCATALOG_COMPILER_APPICON_NAME = AppIcon;
				CODE_SIGN_STYLE = Automatic;
				DEVELOPMENT_TEAM = HRTG8J2Q2Q;
				INFOPLIST_FILE = "$(SRCROOT)/iCollege/Settings/Info.plist";
				LD_RUNPATH_SEARCH_PATHS = (
					"$(inherited)",
					"@executable_path/Frameworks",
				);
				PRODUCT_BUNDLE_IDENTIFIER = jesusaguas.iCollege;
				PRODUCT_NAME = "$(TARGET_NAME)";
				SWIFT_VERSION = 5.0;
				TARGETED_DEVICE_FAMILY = 1;
			};
			name = Release;
		};
/* End XCBuildConfiguration section */

/* Begin XCConfigurationList section */
		702E6351239F41880075F0F9 /* Build configuration list for PBXProject "iCollege" */ = {
			isa = XCConfigurationList;
			buildConfigurations = (
				702E636B239F418A0075F0F9 /* Debug */,
				702E636C239F418A0075F0F9 /* Release */,
			);
			defaultConfigurationIsVisible = 0;
			defaultConfigurationName = Release;
		};
		702E636D239F418A0075F0F9 /* Build configuration list for PBXNativeTarget "iCollege" */ = {
			isa = XCConfigurationList;
			buildConfigurations = (
				702E636E239F418A0075F0F9 /* Debug */,
				702E636F239F418A0075F0F9 /* Release */,
			);
			defaultConfigurationIsVisible = 0;
			defaultConfigurationName = Release;
		};
/* End XCConfigurationList section */

/* Begin XCVersionGroup section */
		702E6362239F41880075F0F9 /* iCollege.xcdatamodeld */ = {
			isa = XCVersionGroup;
			children = (
				702E6363239F41880075F0F9 /* iCollege.xcdatamodel */,
			);
			currentVersion = 702E6363239F41880075F0F9 /* iCollege.xcdatamodel */;
			path = iCollege.xcdatamodeld;
			sourceTree = "<group>";
			versionGroupType = wrapper.xcdatamodel;
		};
/* End XCVersionGroup section */
	};
	rootObject = 702E634E239F41880075F0F9 /* Project object */;
}
